# This file is automatically @generated by Cargo.
# It is not intended for manual editing.
version = 3

[[package]]
name = "ttf-parser"
version = "0.24.1"
source = "registry+https://github.com/rust-lang/crates.io-index"
checksum = "5be21190ff5d38e8b4a2d3b6a3ae57f612cc39c96e83cedeaf7abc338a8bac4a"

[[package]]
name = "ttf-parser-colr-v1"
version = "0.1.0"
dependencies = [
 "ttf-parser",
]
